Microsoft Visual Studio Solution File, Format Version 12.00
# Visual Studio 15
Project("{2150E333-8FDC-42A3-9474-1A3956D46DE8}") = "CMake", "CMake", "{BF4B9D28-37F6-3361-8F19-A9DCC6F04760}"
EndProject
Project("{2150E333-8FDC-42A3-9474-1A3956D46DE8}") = "external", "external", "{1FB1A673-4FA0-3D45-AB10-017544B43199}"
EndProject
Project("{8BC9CEB8-8B4A-11D0-8D11-00A0C91BC942}") = "ALL_BUILD", "ALL_BUILD.vcxproj", "{586D6442-37BF-3508-A63D-13AC2F47B588}"
	ProjectSection(ProjectDependencies) = postProject
		{46AFDF38-22ED-33F3-AAC8-47F2377E2588} = {46AFDF38-22ED-33F3-AAC8-47F2377E2588}
		{98949661-D9BE-396D-91C4-2C5DB2205BCF} = {98949661-D9BE-396D-91C4-2C5DB2205BCF}
		{700D7F84-64FC-3EC3-BCB9-A4BA1155B6CA} = {700D7F84-64FC-3EC3-BCB9-A4BA1155B6CA}
	EndProjectSection
EndProject
Project("{8BC9CEB8-8B4A-11D0-8D11-00A0C91BC942}") = "INSTALL", "INSTALL.vcxproj", "{B7D91E18-71E6-3D76-AB4B-B30F834487E3}"
	ProjectSection(ProjectDependencies) = postProject
		{586D6442-37BF-3508-A63D-13AC2F47B588} = {586D6442-37BF-3508-A63D-13AC2F47B588}
		{46AFDF38-22ED-33F3-AAC8-47F2377E2588} = {46AFDF38-22ED-33F3-AAC8-47F2377E2588}
	EndProjectSection
EndProject
Project("{8BC9CEB8-8B4A-11D0-8D11-00A0C91BC942}") = "ZERO_CHECK", "ZERO_CHECK.vcxproj", "{46AFDF38-22ED-33F3-AAC8-47F2377E2588}"
	ProjectSection(ProjectDependencies) = postProject
	EndProjectSection
EndProject
Project("{8BC9CEB8-8B4A-11D0-8D11-00A0C91BC942}") = "cpr", "cpr\cpr\cpr.vcxproj", "{98949661-D9BE-396D-91C4-2C5DB2205BCF}"
	ProjectSection(ProjectDependencies) = postProject
		{46AFDF38-22ED-33F3-AAC8-47F2377E2588} = {46AFDF38-22ED-33F3-AAC8-47F2377E2588}
		{682F48B5-A9A2-34D2-BC85-E53646EEED2A} = {682F48B5-A9A2-34D2-BC85-E53646EEED2A}
	EndProjectSection
EndProject
Project("{8BC9CEB8-8B4A-11D0-8D11-00A0C91BC942}") = "libcurl", "cpr\opt\curl\lib\libcurl.vcxproj", "{682F48B5-A9A2-34D2-BC85-E53646EEED2A}"
	ProjectSection(ProjectDependencies) = postProject
		{46AFDF38-22ED-33F3-AAC8-47F2377E2588} = {46AFDF38-22ED-33F3-AAC8-47F2377E2588}
	EndProjectSection
EndProject
Project("{8BC9CEB8-8B4A-11D0-8D11-00A0C91BC942}") = "mod_httprequest", "httpreq-sqmod\mod_httprequest.vcxproj", "{700D7F84-64FC-3EC3-BCB9-A4BA1155B6CA}"
	ProjectSection(ProjectDependencies) = postProject
		{46AFDF38-22ED-33F3-AAC8-47F2377E2588} = {46AFDF38-22ED-33F3-AAC8-47F2377E2588}
		{98949661-D9BE-396D-91C4-2C5DB2205BCF} = {98949661-D9BE-396D-91C4-2C5DB2205BCF}
		{682F48B5-A9A2-34D2-BC85-E53646EEED2A} = {682F48B5-A9A2-34D2-BC85-E53646EEED2A}
	EndProjectSection
EndProject
Global
	GlobalSection(SolutionConfigurationPlatforms) = preSolution
		Debug|Win32 = Debug|Win32
		Release|Win32 = Release|Win32
		MinSizeRel|Win32 = MinSizeRel|Win32
		RelWithDebInfo|Win32 = RelWithDebInfo|Win32
	EndGlobalSection
	GlobalSection(ProjectConfigurationPlatforms) = postSolution
		{586D6442-37BF-3508-A63D-13AC2F47B588}.Debug|Win32.ActiveCfg = Debug|Win32
		{586D6442-37BF-3508-A63D-13AC2F47B588}.Debug|Win32.Build.0 = Debug|Win32
		{586D6442-37BF-3508-A63D-13AC2F47B588}.Release|Win32.ActiveCfg = Release|Win32
		{586D6442-37BF-3508-A63D-13AC2F47B588}.Release|Win32.Build.0 = Release|Win32
		{586D6442-37BF-3508-A63D-13AC2F47B588}.MinSizeRel|Win32.ActiveCfg = MinSizeRel|Win32
		{586D6442-37BF-3508-A63D-13AC2F47B588}.MinSizeRel|Win32.Build.0 = MinSizeRel|Win32
		{586D6442-37BF-3508-A63D-13AC2F47B588}.RelWithDebInfo|Win32.ActiveCfg = RelWithDebInfo|Win32
		{586D6442-37BF-3508-A63D-13AC2F47B588}.RelWithDebInfo|Win32.Build.0 = RelWithDebInfo|Win32
		{B7D91E18-71E6-3D76-AB4B-B30F834487E3}.Debug|Win32.ActiveCfg = Debug|Win32
		{B7D91E18-71E6-3D76-AB4B-B30F834487E3}.Release|Win32.ActiveCfg = Release|Win32
		{B7D91E18-71E6-3D76-AB4B-B30F834487E3}.MinSizeRel|Win32.ActiveCfg = MinSizeRel|Win32
		{B7D91E18-71E6-3D76-AB4B-B30F834487E3}.RelWithDebInfo|Win32.ActiveCfg = RelWithDebInfo|Win32
		{46AFDF38-22ED-33F3-AAC8-47F2377E2588}.Debug|Win32.ActiveCfg = Debug|Win32
		{46AFDF38-22ED-33F3-AAC8-47F2377E2588}.Debug|Win32.Build.0 = Debug|Win32
		{46AFDF38-22ED-33F3-AAC8-47F2377E2588}.Release|Win32.ActiveCfg = Release|Win32
		{46AFDF38-22ED-33F3-AAC8-47F2377E2588}.Release|Win32.Build.0 = Release|Win32
		{46AFDF38-22ED-33F3-AAC8-47F2377E2588}.MinSizeRel|Win32.ActiveCfg = MinSizeRel|Win32
		{46AFDF38-22ED-33F3-AAC8-47F2377E2588}.MinSizeRel|Win32.Build.0 = MinSizeRel|Win32
		{46AFDF38-22ED-33F3-AAC8-47F2377E2588}.RelWithDebInfo|Win32.ActiveCfg = RelWithDebInfo|Win32
		{46AFDF38-22ED-33F3-AAC8-47F2377E2588}.RelWithDebInfo|Win32.Build.0 = RelWithDebInfo|Win32
		{98949661-D9BE-396D-91C4-2C5DB2205BCF}.Debug|Win32.ActiveCfg = Debug|Win32
		{98949661-D9BE-396D-91C4-2C5DB2205BCF}.Debug|Win32.Build.0 = Debug|Win32
		{98949661-D9BE-396D-91C4-2C5DB2205BCF}.Release|Win32.ActiveCfg = Release|Win32
		{98949661-D9BE-396D-91C4-2C5DB2205BCF}.Release|Win32.Build.0 = Release|Win32
		{98949661-D9BE-396D-91C4-2C5DB2205BCF}.MinSizeRel|Win32.ActiveCfg = MinSizeRel|Win32
		{98949661-D9BE-396D-91C4-2C5DB2205BCF}.MinSizeRel|Win32.Build.0 = MinSizeRel|Win32
		{98949661-D9BE-396D-91C4-2C5DB2205BCF}.RelWithDebInfo|Win32.ActiveCfg = RelWithDebInfo|Win32
		{98949661-D9BE-396D-91C4-2C5DB2205BCF}.RelWithDebInfo|Win32.Build.0 = RelWithDebInfo|Win32
		{682F48B5-A9A2-34D2-BC85-E53646EEED2A}.Debug|Win32.ActiveCfg = Debug|Win32
		{682F48B5-A9A2-34D2-BC85-E53646EEED2A}.Debug|Win32.Build.0 = Debug|Win32
		{682F48B5-A9A2-34D2-BC85-E53646EEED2A}.Release|Win32.ActiveCfg = Release|Win32
		{682F48B5-A9A2-34D2-BC85-E53646EEED2A}.Release|Win32.Build.0 = Release|Win32
		{682F48B5-A9A2-34D2-BC85-E53646EEED2A}.MinSizeRel|Win32.ActiveCfg = MinSizeRel|Win32
		{682F48B5-A9A2-34D2-BC85-E53646EEED2A}.MinSizeRel|Win32.Build.0 = MinSizeRel|Win32
		{682F48B5-A9A2-34D2-BC85-E53646EEED2A}.RelWithDebInfo|Win32.ActiveCfg = RelWithDebInfo|Win32
		{682F48B5-A9A2-34D2-BC85-E53646EEED2A}.RelWithDebInfo|Win32.Build.0 = RelWithDebInfo|Win32
		{700D7F84-64FC-3EC3-BCB9-A4BA1155B6CA}.Debug|Win32.ActiveCfg = Debug|Win32
		{700D7F84-64FC-3EC3-BCB9-A4BA1155B6CA}.Debug|Win32.Build.0 = Debug|Win32
		{700D7F84-64FC-3EC3-BCB9-A4BA1155B6CA}.Release|Win32.ActiveCfg = Release|Win32
		{700D7F84-64FC-3EC3-BCB9-A4BA1155B6CA}.Release|Win32.Build.0 = Release|Win32
		{700D7F84-64FC-3EC3-BCB9-A4BA1155B6CA}.MinSizeRel|Win32.ActiveCfg = MinSizeRel|Win32
		{700D7F84-64FC-3EC3-BCB9-A4BA1155B6CA}.MinSizeRel|Win32.Build.0 = MinSizeRel|Win32
		{700D7F84-64FC-3EC3-BCB9-A4BA1155B6CA}.RelWithDebInfo|Win32.ActiveCfg = RelWithDebInfo|Win32
		{700D7F84-64FC-3EC3-BCB9-A4BA1155B6CA}.RelWithDebInfo|Win32.Build.0 = RelWithDebInfo|Win32
	EndGlobalSection
	GlobalSection(NestedProjects) = preSolution
		{586D6442-37BF-3508-A63D-13AC2F47B588} = {BF4B9D28-37F6-3361-8F19-A9DCC6F04760}
		{B7D91E18-71E6-3D76-AB4B-B30F834487E3} = {BF4B9D28-37F6-3361-8F19-A9DCC6F04760}
		{46AFDF38-22ED-33F3-AAC8-47F2377E2588} = {BF4B9D28-37F6-3361-8F19-A9DCC6F04760}
		{682F48B5-A9A2-34D2-BC85-E53646EEED2A} = {1FB1A673-4FA0-3D45-AB10-017544B43199}
	EndGlobalSection
	GlobalSection(ExtensibilityGlobals) = postSolution
		SolutionGuid = {9CE38F29-5750-3C41-8226-96892122F25C}
	EndGlobalSection
	GlobalSection(ExtensibilityAddIns) = postSolution
	EndGlobalSection
EndGlobal
