<?xml version="1.0" encoding="utf-8"?>
<Project ToolsVersion="15.0" xmlns="http://schemas.microsoft.com/developer/msbuild/2003">
  <ItemGroup>
    <ClCompile Include="C:\Users\Luckshya\source\repos\httpreq-sqmod\httpreq-sqmod\Module.cpp">
      <Filter>Source Files</Filter>
    </ClCompile>
    <ClCompile Include="C:\Users\Luckshya\source\repos\httpreq-sqmod\httpreq-sqmod\CRequest.cpp">
      <Filter>Source Files</Filter>
    </ClCompile>
    <ClCompile Include="C:\Users\Luckshya\source\repos\httpreq-sqmod\httpreq-sqmod\CResponse.cpp">
      <Filter>Source Files</Filter>
    </ClCompile>
    <ClCompile Include="C:\Users\Luckshya\source\repos\httpreq-sqmod\httpreq-sqmod\Events.cpp">
      <Filter>Source Files</Filter>
    </ClCompile>
    <ClCompile Include="C:\Users\Luckshya\source\repos\httpreq-sqmod\httpreq-sqmod\Misc.cpp">
      <Filter>Source Files</Filter>
    </ClCompile>
    <ClCompile Include="C:\Users\Luckshya\source\repos\httpreq-sqmod\shared\Base\Buffer.cpp">
      <Filter>Source Files</Filter>
    </ClCompile>
    <ClCompile Include="C:\Users\Luckshya\source\repos\httpreq-sqmod\shared\SqMod.cpp">
      <Filter>Source Files</Filter>
    </ClCompile>
  </ItemGroup>
  <ItemGroup>
    <ClInclude Include="C:\Users\Luckshya\source\repos\httpreq-sqmod\httpreq-sqmod\Common.hpp">
      <Filter>Header Files</Filter>
    </ClInclude>
    <ClInclude Include="C:\Users\Luckshya\source\repos\httpreq-sqmod\httpreq-sqmod\CRequest.h">
      <Filter>Header Files</Filter>
    </ClInclude>
    <ClInclude Include="C:\Users\Luckshya\source\repos\httpreq-sqmod\httpreq-sqmod\CResponse.h">
      <Filter>Header Files</Filter>
    </ClInclude>
    <ClInclude Include="C:\Users\Luckshya\source\repos\httpreq-sqmod\httpreq-sqmod\Events.h">
      <Filter>Header Files</Filter>
    </ClInclude>
    <ClInclude Include="C:\Users\Luckshya\source\repos\httpreq-sqmod\httpreq-sqmod\includes.h">
      <Filter>Header Files</Filter>
    </ClInclude>
    <ClInclude Include="C:\Users\Luckshya\source\repos\httpreq-sqmod\httpreq-sqmod\Misc.h">
      <Filter>Header Files</Filter>
    </ClInclude>
  </ItemGroup>
  <ItemGroup>
    <CustomBuild Include="C:\Users\Luckshya\source\repos\httpreq-sqmod\httpreq-sqmod\CMakeLists.txt" />
  </ItemGroup>
  <ItemGroup>
    <Filter Include="Header Files">
      <UniqueIdentifier>{031C3D7A-CBDE-3FFF-A0F6-F03112E3C9A4}</UniqueIdentifier>
    </Filter>
    <Filter Include="Source Files">
      <UniqueIdentifier>{CD5166F6-CABA-3D81-A4A0-84DF1C31B0AF}</UniqueIdentifier>
    </Filter>
  </ItemGroup>
</Project>
