Microsoft Visual Studio Solution File, Format Version 12.00
# Visual Studio 15
Project("{8BC9CEB8-8B4A-11D0-8D11-00A0C91BC942}") = "ALL_BUILD", "ALL_BUILD.vcxproj", "{B384C3B7-1E96-3E28-BF73-4C1C7A2FF35B}"
	ProjectSection(ProjectDependencies) = postProject
		{F977BB5F-F4F5-342A-B4A7-97E6EE70491A} = {F977BB5F-F4F5-342A-B4A7-97E6EE70491A}
		{18A10DF7-08F5-37DB-91CD-571018AC4065} = {18A10DF7-08F5-37DB-91CD-571018AC4065}
	EndProjectSection
EndProject
Project("{8BC9CEB8-8B4A-11D0-8D11-00A0C91BC942}") = "ZERO_CHECK", "ZERO_CHECK.vcxproj", "{F977BB5F-F4F5-342A-B4A7-97E6EE70491A}"
	ProjectSection(ProjectDependencies) = postProject
	EndProjectSection
EndProject
Project("{8BC9CEB8-8B4A-11D0-8D11-00A0C91BC942}") = "cpr-download", "cpr-download.vcxproj", "{18A10DF7-08F5-37DB-91CD-571018AC4065}"
	ProjectSection(ProjectDependencies) = postProject
		{F977BB5F-F4F5-342A-B4A7-97E6EE70491A} = {F977BB5F-F4F5-342A-B4A7-97E6EE70491A}
	EndProjectSection
EndProject
Global
	GlobalSection(SolutionConfigurationPlatforms) = preSolution
		Debug|Win32 = Debug|Win32
		Release|Win32 = Release|Win32
		MinSizeRel|Win32 = MinSizeRel|Win32
		RelWithDebInfo|Win32 = RelWithDebInfo|Win32
	EndGlobalSection
	GlobalSection(ProjectConfigurationPlatforms) = postSolution
		{B384C3B7-1E96-3E28-BF73-4C1C7A2FF35B}.Debug|Win32.ActiveCfg = Debug|Win32
		{B384C3B7-1E96-3E28-BF73-4C1C7A2FF35B}.Release|Win32.ActiveCfg = Release|Win32
		{B384C3B7-1E96-3E28-BF73-4C1C7A2FF35B}.MinSizeRel|Win32.ActiveCfg = MinSizeRel|Win32
		{B384C3B7-1E96-3E28-BF73-4C1C7A2FF35B}.RelWithDebInfo|Win32.ActiveCfg = RelWithDebInfo|Win32
		{F977BB5F-F4F5-342A-B4A7-97E6EE70491A}.Debug|Win32.ActiveCfg = Debug|Win32
		{F977BB5F-F4F5-342A-B4A7-97E6EE70491A}.Debug|Win32.Build.0 = Debug|Win32
		{F977BB5F-F4F5-342A-B4A7-97E6EE70491A}.Release|Win32.ActiveCfg = Release|Win32
		{F977BB5F-F4F5-342A-B4A7-97E6EE70491A}.Release|Win32.Build.0 = Release|Win32
		{F977BB5F-F4F5-342A-B4A7-97E6EE70491A}.MinSizeRel|Win32.ActiveCfg = MinSizeRel|Win32
		{F977BB5F-F4F5-342A-B4A7-97E6EE70491A}.MinSizeRel|Win32.Build.0 = MinSizeRel|Win32
		{F977BB5F-F4F5-342A-B4A7-97E6EE70491A}.RelWithDebInfo|Win32.ActiveCfg = RelWithDebInfo|Win32
		{F977BB5F-F4F5-342A-B4A7-97E6EE70491A}.RelWithDebInfo|Win32.Build.0 = RelWithDebInfo|Win32
		{18A10DF7-08F5-37DB-91CD-571018AC4065}.Debug|Win32.ActiveCfg = Debug|Win32
		{18A10DF7-08F5-37DB-91CD-571018AC4065}.Debug|Win32.Build.0 = Debug|Win32
		{18A10DF7-08F5-37DB-91CD-571018AC4065}.Release|Win32.ActiveCfg = Release|Win32
		{18A10DF7-08F5-37DB-91CD-571018AC4065}.Release|Win32.Build.0 = Release|Win32
		{18A10DF7-08F5-37DB-91CD-571018AC4065}.MinSizeRel|Win32.ActiveCfg = MinSizeRel|Win32
		{18A10DF7-08F5-37DB-91CD-571018AC4065}.MinSizeRel|Win32.Build.0 = MinSizeRel|Win32
		{18A10DF7-08F5-37DB-91CD-571018AC4065}.RelWithDebInfo|Win32.ActiveCfg = RelWithDebInfo|Win32
		{18A10DF7-08F5-37DB-91CD-571018AC4065}.RelWithDebInfo|Win32.Build.0 = RelWithDebInfo|Win32
	EndGlobalSection
	GlobalSection(ExtensibilityGlobals) = postSolution
		SolutionGuid = {B19A1669-E6F2-3304-A950-7A2D42024D37}
	EndGlobalSection
	GlobalSection(ExtensibilityAddIns) = postSolution
	EndGlobalSection
EndGlobal
