<?xml version="1.0" encoding="utf-8"?>
<Project ToolsVersion="15.0" xmlns="http://schemas.microsoft.com/developer/msbuild/2003">
  <ItemGroup>
    <CustomBuild Include="C:\Users\Luckshya\source\repos\httpreq-sqmod\build32\cpr-download\CMakeFiles\6256704d378a6f879ed5d66a18ae8f71\generate.stamp.rule">
      <Filter>CMake Rules</Filter>
    </CustomBuild>
  </ItemGroup>
  <ItemGroup>
    <Filter Include="CMake Rules">
      <UniqueIdentifier>{1759C83C-57FC-3793-A3C0-77DFAD047A05}</UniqueIdentifier>
    </Filter>
  </ItemGroup>
</Project>
